
Microsoft Visual Studio Solution File, Format Version 12.00
# Visual Studio Version 16
VisualStudioVersion = 16.0.30709.132
MinimumVisualStudioVersion = 10.0.40219.1
Project("{FAE04EC0-301F-11D3-BF4B-00C04F79EFBC}") = "Xam.DotNet5.UWP", "Xam.DotNet5\Xam.DotNet5.UWP\Xam.DotNet5.UWP.csproj", "{61F8B0E3-E934-4C35-AB49-93E7E621E428}"
EndProject
Project("{FAE04EC0-301F-11D3-BF4B-00C04F79EFBC}") = "Xam.DotNet5.Android", "Xam.DotNet5\Xam.DotNet5.Android\Xam.DotNet5.Android.csproj", "{968B6D7F-83D3-4F22-B88C-5C9EB4476330}"
EndProject
Project("{FAE04EC0-301F-11D3-BF4B-00C04F79EFBC}") = "Xam.DotNet5.iOS", "Xam.DotNet5\Xam.DotNet5.iOS\Xam.DotNet5.iOS.csproj", "{2F33D63E-8480-4553-A49E-DE7816821DD4}"
EndProject
Project("{FAE04EC0-301F-11D3-BF4B-00C04F79EFBC}") = "Xam.DotNet5", "Xam.DotNet5\Xam.DotNet5\Xam.DotNet5.csproj", "{6B9E9EB1-2AA7-4E4B-BD0B-7FD21EE17502}"
EndProject
Global
	GlobalSection(SolutionConfigurationPlatforms) = preSolution
		Debug|Any CPU = Debug|Any CPU
		Debug|ARM = Debug|ARM
		Debug|iPhone = Debug|iPhone
		Debug|iPhoneSimulator = Debug|iPhoneSimulator
		Debug|x64 = Debug|x64
		Debug|x86 = Debug|x86
		Release|Any CPU = Release|Any CPU
		Release|ARM = Release|ARM
		Release|iPhone = Release|iPhone
		Release|iPhoneSimulator = Release|iPhoneSimulator
		Release|x64 = Release|x64
		Release|x86 = Release|x86
	EndGlobalSection
	GlobalSection(ProjectConfigurationPlatforms) = postSolution
		{61F8B0E3-E934-4C35-AB49-93E7E621E428}.Debug|Any CPU.ActiveCfg = Debug|x86
		{61F8B0E3-E934-4C35-AB49-93E7E621E428}.Debug|Any CPU.Build.0 = Debug|x86
		{61F8B0E3-E934-4C35-AB49-93E7E621E428}.Debug|Any CPU.Deploy.0 = Debug|x86
		{61F8B0E3-E934-4C35-AB49-93E7E621E428}.Debug|ARM.ActiveCfg = Debug|ARM
		{61F8B0E3-E934-4C35-AB49-93E7E621E428}.Debug|ARM.Build.0 = Debug|ARM
		{61F8B0E3-E934-4C35-AB49-93E7E621E428}.Debug|ARM.Deploy.0 = Debug|ARM
		{61F8B0E3-E934-4C35-AB49-93E7E621E428}.Debug|iPhone.ActiveCfg = Debug|x86
		{61F8B0E3-E934-4C35-AB49-93E7E621E428}.Debug|iPhone.Build.0 = Debug|x86
		{61F8B0E3-E934-4C35-AB49-93E7E621E428}.Debug|iPhone.Deploy.0 = Debug|x86
		{61F8B0E3-E934-4C35-AB49-93E7E621E428}.Debug|iPhoneSimulator.ActiveCfg = Debug|x86
		{61F8B0E3-E934-4C35-AB49-93E7E621E428}.Debug|iPhoneSimulator.Build.0 = Debug|x86
		{61F8B0E3-E934-4C35-AB49-93E7E621E428}.Debug|iPhoneSimulator.Deploy.0 = Debug|x86
		{61F8B0E3-E934-4C35-AB49-93E7E621E428}.Debug|x64.ActiveCfg = Debug|x64
		{61F8B0E3-E934-4C35-AB49-93E7E621E428}.Debug|x64.Build.0 = Debug|x64
		{61F8B0E3-E934-4C35-AB49-93E7E621E428}.Debug|x64.Deploy.0 = Debug|x64
		{61F8B0E3-E934-4C35-AB49-93E7E621E428}.Debug|x86.ActiveCfg = Debug|x86
		{61F8B0E3-E934-4C35-AB49-93E7E621E428}.Debug|x86.Build.0 = Debug|x86
		{61F8B0E3-E934-4C35-AB49-93E7E621E428}.Debug|x86.Deploy.0 = Debug|x86
		{61F8B0E3-E934-4C35-AB49-93E7E621E428}.Release|Any CPU.ActiveCfg = Release|x86
		{61F8B0E3-E934-4C35-AB49-93E7E621E428}.Release|Any CPU.Build.0 = Release|x86
		{61F8B0E3-E934-4C35-AB49-93E7E621E428}.Release|Any CPU.Deploy.0 = Release|x86
		{61F8B0E3-E934-4C35-AB49-93E7E621E428}.Release|ARM.ActiveCfg = Release|ARM
		{61F8B0E3-E934-4C35-AB49-93E7E621E428}.Release|ARM.Build.0 = Release|ARM
		{61F8B0E3-E934-4C35-AB49-93E7E621E428}.Release|ARM.Deploy.0 = Release|ARM
		{61F8B0E3-E934-4C35-AB49-93E7E621E428}.Release|iPhone.ActiveCfg = Release|x86
		{61F8B0E3-E934-4C35-AB49-93E7E621E428}.Release|iPhone.Build.0 = Release|x86
		{61F8B0E3-E934-4C35-AB49-93E7E621E428}.Release|iPhone.Deploy.0 = Release|x86
		{61F8B0E3-E934-4C35-AB49-93E7E621E428}.Release|iPhoneSimulator.ActiveCfg = Release|x86
		{61F8B0E3-E934-4C35-AB49-93E7E621E428}.Release|iPhoneSimulator.Build.0 = Release|x86
		{61F8B0E3-E934-4C35-AB49-93E7E621E428}.Release|iPhoneSimulator.Deploy.0 = Release|x86
		{61F8B0E3-E934-4C35-AB49-93E7E621E428}.Release|x64.ActiveCfg = Release|x64
		{61F8B0E3-E934-4C35-AB49-93E7E621E428}.Release|x64.Build.0 = Release|x64
		{61F8B0E3-E934-4C35-AB49-93E7E621E428}.Release|x64.Deploy.0 = Release|x64
		{61F8B0E3-E934-4C35-AB49-93E7E621E428}.Release|x86.ActiveCfg = Release|x86
		{61F8B0E3-E934-4C35-AB49-93E7E621E428}.Release|x86.Build.0 = Release|x86
		{61F8B0E3-E934-4C35-AB49-93E7E621E428}.Release|x86.Deploy.0 = Release|x86
		{968B6D7F-83D3-4F22-B88C-5C9EB4476330}.Debug|Any CPU.ActiveCfg = Debug|Any CPU
		{968B6D7F-83D3-4F22-B88C-5C9EB4476330}.Debug|Any CPU.Build.0 = Debug|Any CPU
		{968B6D7F-83D3-4F22-B88C-5C9EB4476330}.Debug|Any CPU.Deploy.0 = Debug|Any CPU
		{968B6D7F-83D3-4F22-B88C-5C9EB4476330}.Debug|ARM.ActiveCfg = Debug|Any CPU
		{968B6D7F-83D3-4F22-B88C-5C9EB4476330}.Debug|ARM.Build.0 = Debug|Any CPU
		{968B6D7F-83D3-4F22-B88C-5C9EB4476330}.Debug|ARM.Deploy.0 = Debug|Any CPU
		{968B6D7F-83D3-4F22-B88C-5C9EB4476330}.Debug|iPhone.ActiveCfg = Debug|Any CPU
		{968B6D7F-83D3-4F22-B88C-5C9EB4476330}.Debug|iPhone.Build.0 = Debug|Any CPU
		{968B6D7F-83D3-4F22-B88C-5C9EB4476330}.Debug|iPhone.Deploy.0 = Debug|Any CPU
		{968B6D7F-83D3-4F22-B88C-5C9EB4476330}.Debug|iPhoneSimulator.ActiveCfg = Debug|Any CPU
		{968B6D7F-83D3-4F22-B88C-5C9EB4476330}.Debug|iPhoneSimulator.Build.0 = Debug|Any CPU
		{968B6D7F-83D3-4F22-B88C-5C9EB4476330}.Debug|iPhoneSimulator.Deploy.0 = Debug|Any CPU
		{968B6D7F-83D3-4F22-B88C-5C9EB4476330}.Debug|x64.ActiveCfg = Debug|Any CPU
		{968B6D7F-83D3-4F22-B88C-5C9EB4476330}.Debug|x64.Build.0 = Debug|Any CPU
		{968B6D7F-83D3-4F22-B88C-5C9EB4476330}.Debug|x64.Deploy.0 = Debug|Any CPU
		{968B6D7F-83D3-4F22-B88C-5C9EB4476330}.Debug|x86.ActiveCfg = Debug|Any CPU
		{968B6D7F-83D3-4F22-B88C-5C9EB4476330}.Debug|x86.Build.0 = Debug|Any CPU
		{968B6D7F-83D3-4F22-B88C-5C9EB4476330}.Debug|x86.Deploy.0 = Debug|Any CPU
		{968B6D7F-83D3-4F22-B88C-5C9EB4476330}.Release|Any CPU.ActiveCfg = Release|Any CPU
		{968B6D7F-83D3-4F22-B88C-5C9EB4476330}.Release|Any CPU.Build.0 = Release|Any CPU
		{968B6D7F-83D3-4F22-B88C-5C9EB4476330}.Release|Any CPU.Deploy.0 = Release|Any CPU
		{968B6D7F-83D3-4F22-B88C-5C9EB4476330}.Release|ARM.ActiveCfg = Release|Any CPU
		{968B6D7F-83D3-4F22-B88C-5C9EB4476330}.Release|ARM.Build.0 = Release|Any CPU
		{968B6D7F-83D3-4F22-B88C-5C9EB4476330}.Release|ARM.Deploy.0 = Release|Any CPU
		{968B6D7F-83D3-4F22-B88C-5C9EB4476330}.Release|iPhone.ActiveCfg = Release|Any CPU
		{968B6D7F-83D3-4F22-B88C-5C9EB4476330}.Release|iPhone.Build.0 = Release|Any CPU
		{968B6D7F-83D3-4F22-B88C-5C9EB4476330}.Release|iPhone.Deploy.0 = Release|Any CPU
		{968B6D7F-83D3-4F22-B88C-5C9EB4476330}.Release|iPhoneSimulator.ActiveCfg = Release|Any CPU
		{968B6D7F-83D3-4F22-B88C-5C9EB4476330}.Release|iPhoneSimulator.Build.0 = Release|Any CPU
		{968B6D7F-83D3-4F22-B88C-5C9EB4476330}.Release|iPhoneSimulator.Deploy.0 = Release|Any CPU
		{968B6D7F-83D3-4F22-B88C-5C9EB4476330}.Release|x64.ActiveCfg = Release|Any CPU
		{968B6D7F-83D3-4F22-B88C-5C9EB4476330}.Release|x64.Build.0 = Release|Any CPU
		{968B6D7F-83D3-4F22-B88C-5C9EB4476330}.Release|x64.Deploy.0 = Release|Any CPU
		{968B6D7F-83D3-4F22-B88C-5C9EB4476330}.Release|x86.ActiveCfg = Release|Any CPU
		{968B6D7F-83D3-4F22-B88C-5C9EB4476330}.Release|x86.Build.0 = Release|Any CPU
		{968B6D7F-83D3-4F22-B88C-5C9EB4476330}.Release|x86.Deploy.0 = Release|Any CPU
		{2F33D63E-8480-4553-A49E-DE7816821DD4}.Debug|Any CPU.ActiveCfg = Debug|iPhoneSimulator
		{2F33D63E-8480-4553-A49E-DE7816821DD4}.Debug|Any CPU.Build.0 = Debug|iPhoneSimulator
		{2F33D63E-8480-4553-A49E-DE7816821DD4}.Debug|Any CPU.Deploy.0 = Debug|iPhoneSimulator
		{2F33D63E-8480-4553-A49E-DE7816821DD4}.Debug|ARM.ActiveCfg = Debug|iPhone
		{2F33D63E-8480-4553-A49E-DE7816821DD4}.Debug|ARM.Build.0 = Debug|iPhone
		{2F33D63E-8480-4553-A49E-DE7816821DD4}.Debug|ARM.Deploy.0 = Debug|iPhone
		{2F33D63E-8480-4553-A49E-DE7816821DD4}.Debug|iPhone.ActiveCfg = Debug|iPhone
		{2F33D63E-8480-4553-A49E-DE7816821DD4}.Debug|iPhone.Build.0 = Debug|iPhone
		{2F33D63E-8480-4553-A49E-DE7816821DD4}.Debug|iPhone.Deploy.0 = Debug|iPhone
		{2F33D63E-8480-4553-A49E-DE7816821DD4}.Debug|iPhoneSimulator.ActiveCfg = Debug|iPhoneSimulator
		{2F33D63E-8480-4553-A49E-DE7816821DD4}.Debug|iPhoneSimulator.Build.0 = Debug|iPhoneSimulator
		{2F33D63E-8480-4553-A49E-DE7816821DD4}.Debug|iPhoneSimulator.Deploy.0 = Debug|iPhoneSimulator
		{2F33D63E-8480-4553-A49E-DE7816821DD4}.Debug|x64.ActiveCfg = Debug|iPhoneSimulator
		{2F33D63E-8480-4553-A49E-DE7816821DD4}.Debug|x64.Build.0 = Debug|iPhoneSimulator
		{2F33D63E-8480-4553-A49E-DE7816821DD4}.Debug|x64.Deploy.0 = Debug|iPhoneSimulator
		{2F33D63E-8480-4553-A49E-DE7816821DD4}.Debug|x86.ActiveCfg = Debug|iPhoneSimulator
		{2F33D63E-8480-4553-A49E-DE7816821DD4}.Debug|x86.Build.0 = Debug|iPhoneSimulator
		{2F33D63E-8480-4553-A49E-DE7816821DD4}.Debug|x86.Deploy.0 = Debug|iPhoneSimulator
		{2F33D63E-8480-4553-A49E-DE7816821DD4}.Release|Any CPU.ActiveCfg = Release|iPhoneSimulator
		{2F33D63E-8480-4553-A49E-DE7816821DD4}.Release|Any CPU.Build.0 = Release|iPhoneSimulator
		{2F33D63E-8480-4553-A49E-DE7816821DD4}.Release|Any CPU.Deploy.0 = Release|iPhoneSimulator
		{2F33D63E-8480-4553-A49E-DE7816821DD4}.Release|ARM.ActiveCfg = Release|iPhoneSimulator
		{2F33D63E-8480-4553-A49E-DE7816821DD4}.Release|ARM.Build.0 = Release|iPhoneSimulator
		{2F33D63E-8480-4553-A49E-DE7816821DD4}.Release|ARM.Deploy.0 = Release|iPhoneSimulator
		{2F33D63E-8480-4553-A49E-DE7816821DD4}.Release|iPhone.ActiveCfg = Release|iPhone
		{2F33D63E-8480-4553-A49E-DE7816821DD4}.Release|iPhone.Build.0 = Release|iPhone
		{2F33D63E-8480-4553-A49E-DE7816821DD4}.Release|iPhone.Deploy.0 = Release|iPhone
		{2F33D63E-8480-4553-A49E-DE7816821DD4}.Release|iPhoneSimulator.ActiveCfg = Release|iPhoneSimulator
		{2F33D63E-8480-4553-A49E-DE7816821DD4}.Release|iPhoneSimulator.Build.0 = Release|iPhoneSimulator
		{2F33D63E-8480-4553-A49E-DE7816821DD4}.Release|iPhoneSimulator.Deploy.0 = Release|iPhoneSimulator
		{2F33D63E-8480-4553-A49E-DE7816821DD4}.Release|x64.ActiveCfg = Release|iPhoneSimulator
		{2F33D63E-8480-4553-A49E-DE7816821DD4}.Release|x64.Build.0 = Release|iPhoneSimulator
		{2F33D63E-8480-4553-A49E-DE7816821DD4}.Release|x64.Deploy.0 = Release|iPhoneSimulator
		{2F33D63E-8480-4553-A49E-DE7816821DD4}.Release|x86.ActiveCfg = Release|iPhoneSimulator
		{2F33D63E-8480-4553-A49E-DE7816821DD4}.Release|x86.Build.0 = Release|iPhoneSimulator
		{2F33D63E-8480-4553-A49E-DE7816821DD4}.Release|x86.Deploy.0 = Release|iPhoneSimulator
		{6B9E9EB1-2AA7-4E4B-BD0B-7FD21EE17502}.Debug|Any CPU.ActiveCfg = Debug|Any CPU
		{6B9E9EB1-2AA7-4E4B-BD0B-7FD21EE17502}.Debug|Any CPU.Build.0 = Debug|Any CPU
		{6B9E9EB1-2AA7-4E4B-BD0B-7FD21EE17502}.Debug|Any CPU.Deploy.0 = Debug|Any CPU
		{6B9E9EB1-2AA7-4E4B-BD0B-7FD21EE17502}.Debug|ARM.ActiveCfg = Debug|Any CPU
		{6B9E9EB1-2AA7-4E4B-BD0B-7FD21EE17502}.Debug|ARM.Build.0 = Debug|Any CPU
		{6B9E9EB1-2AA7-4E4B-BD0B-7FD21EE17502}.Debug|ARM.Deploy.0 = Debug|Any CPU
		{6B9E9EB1-2AA7-4E4B-BD0B-7FD21EE17502}.Debug|iPhone.ActiveCfg = Debug|Any CPU
		{6B9E9EB1-2AA7-4E4B-BD0B-7FD21EE17502}.Debug|iPhone.Build.0 = Debug|Any CPU
		{6B9E9EB1-2AA7-4E4B-BD0B-7FD21EE17502}.Debug|iPhone.Deploy.0 = Debug|Any CPU
		{6B9E9EB1-2AA7-4E4B-BD0B-7FD21EE17502}.Debug|iPhoneSimulator.ActiveCfg = Debug|Any CPU
		{6B9E9EB1-2AA7-4E4B-BD0B-7FD21EE17502}.Debug|iPhoneSimulator.Build.0 = Debug|Any CPU
		{6B9E9EB1-2AA7-4E4B-BD0B-7FD21EE17502}.Debug|iPhoneSimulator.Deploy.0 = Debug|Any CPU
		{6B9E9EB1-2AA7-4E4B-BD0B-7FD21EE17502}.Debug|x64.ActiveCfg = Debug|Any CPU
		{6B9E9EB1-2AA7-4E4B-BD0B-7FD21EE17502}.Debug|x64.Build.0 = Debug|Any CPU
		{6B9E9EB1-2AA7-4E4B-BD0B-7FD21EE17502}.Debug|x64.Deploy.0 = Debug|Any CPU
		{6B9E9EB1-2AA7-4E4B-BD0B-7FD21EE17502}.Debug|x86.ActiveCfg = Debug|Any CPU
		{6B9E9EB1-2AA7-4E4B-BD0B-7FD21EE17502}.Debug|x86.Build.0 = Debug|Any CPU
		{6B9E9EB1-2AA7-4E4B-BD0B-7FD21EE17502}.Debug|x86.Deploy.0 = Debug|Any CPU
		{6B9E9EB1-2AA7-4E4B-BD0B-7FD21EE17502}.Release|Any CPU.ActiveCfg = Release|Any CPU
		{6B9E9EB1-2AA7-4E4B-BD0B-7FD21EE17502}.Release|Any CPU.Build.0 = Release|Any CPU
		{6B9E9EB1-2AA7-4E4B-BD0B-7FD21EE17502}.Release|Any CPU.Deploy.0 = Release|Any CPU
		{6B9E9EB1-2AA7-4E4B-BD0B-7FD21EE17502}.Release|ARM.ActiveCfg = Release|Any CPU
		{6B9E9EB1-2AA7-4E4B-BD0B-7FD21EE17502}.Release|ARM.Build.0 = Release|Any CPU
		{6B9E9EB1-2AA7-4E4B-BD0B-7FD21EE17502}.Release|ARM.Deploy.0 = Release|Any CPU
		{6B9E9EB1-2AA7-4E4B-BD0B-7FD21EE17502}.Release|iPhone.ActiveCfg = Release|Any CPU
		{6B9E9EB1-2AA7-4E4B-BD0B-7FD21EE17502}.Release|iPhone.Build.0 = Release|Any CPU
		{6B9E9EB1-2AA7-4E4B-BD0B-7FD21EE17502}.Release|iPhone.Deploy.0 = Release|Any CPU
		{6B9E9EB1-2AA7-4E4B-BD0B-7FD21EE17502}.Release|iPhoneSimulator.ActiveCfg = Release|Any CPU
		{6B9E9EB1-2AA7-4E4B-BD0B-7FD21EE17502}.Release|iPhoneSimulator.Build.0 = Release|Any CPU
		{6B9E9EB1-2AA7-4E4B-BD0B-7FD21EE17502}.Release|iPhoneSimulator.Deploy.0 = Release|Any CPU
		{6B9E9EB1-2AA7-4E4B-BD0B-7FD21EE17502}.Release|x64.ActiveCfg = Release|Any CPU
		{6B9E9EB1-2AA7-4E4B-BD0B-7FD21EE17502}.Release|x64.Build.0 = Release|Any CPU
		{6B9E9EB1-2AA7-4E4B-BD0B-7FD21EE17502}.Release|x64.Deploy.0 = Release|Any CPU
		{6B9E9EB1-2AA7-4E4B-BD0B-7FD21EE17502}.Release|x86.ActiveCfg = Release|Any CPU
		{6B9E9EB1-2AA7-4E4B-BD0B-7FD21EE17502}.Release|x86.Build.0 = Release|Any CPU
		{6B9E9EB1-2AA7-4E4B-BD0B-7FD21EE17502}.Release|x86.Deploy.0 = Release|Any CPU
	EndGlobalSection
	GlobalSection(SolutionProperties) = preSolution
		HideSolutionNode = FALSE
	EndGlobalSection
	GlobalSection(ExtensibilityGlobals) = postSolution
		SolutionGuid = {13B09301-9696-4134-805F-4D9FDE3FA08B}
	EndGlobalSection
EndGlobal
